
Microsoft Visual Studio Solution File, Format Version 12.00
# Visual Studio Version 17
VisualStudioVersion = 17.13.35825.156 d17.13
MinimumVisualStudioVersion = 10.0.40219.1
Project("{F184B08F-C81C-45F6-A57F-5ABD9991F28F}") = "12-M4-IF2B-Dzikriibra", "12-M4-IF2B-Dzikriibra\12-M4-IF2B-Dzikriibra.vbproj", "{7591F913-9553-49B0-8F4B-93EA1D45971E}"
EndProject
Global
	GlobalSection(SolutionConfigurationPlatforms) = preSolution
		Debug|Any CPU = Debug|Any CPU
		Release|Any CPU = Release|Any CPU
	EndGlobalSection
	GlobalSection(ProjectConfigurationPlatforms) = postSolution
		{7591F913-9553-49B0-8F4B-93EA1D45971E}.Debug|Any CPU.ActiveCfg = Debug|Any CPU
		{7591F913-9553-49B0-8F4B-93EA1D45971E}.Debug|Any CPU.Build.0 = Debug|Any CPU
		{7591F913-9553-49B0-8F4B-93EA1D45971E}.Release|Any CPU.ActiveCfg = Release|Any CPU
		{7591F913-9553-49B0-8F4B-93EA1D45971E}.Release|Any CPU.Build.0 = Release|Any CPU
	EndGlobalSection
	GlobalSection(SolutionProperties) = preSolution
		HideSolutionNode = FALSE
	EndGlobalSection
	GlobalSection(ExtensibilityGlobals) = postSolution
		SolutionGuid = {3EBC4DC5-9906-4455-B346-D966D750858D}
	EndGlobalSection
EndGlobal
