
Microsoft Visual Studio Solution File, Format Version 12.00
# Visual Studio Version 17
VisualStudioVersion = 17.13.35818.85 d17.13
MinimumVisualStudioVersion = 10.0.40219.1
Project("{F184B08F-C81C-45F6-A57F-5ABD9991F28F}") = "M1-Dzikri", "M1-Dzikri\M1-Dzikri.vbproj", "{F30B569F-D49A-48EB-9EA5-EB22D4D3F0DF}"
EndProject
Global
	GlobalSection(SolutionConfigurationPlatforms) = preSolution
		Debug|Any CPU = Debug|Any CPU
		Release|Any CPU = Release|Any CPU
	EndGlobalSection
	GlobalSection(ProjectConfigurationPlatforms) = postSolution
		{F30B569F-D49A-48EB-9EA5-EB22D4D3F0DF}.Debug|Any CPU.ActiveCfg = Debug|Any CPU
		{F30B569F-D49A-48EB-9EA5-EB22D4D3F0DF}.Debug|Any CPU.Build.0 = Debug|Any CPU
		{F30B569F-D49A-48EB-9EA5-EB22D4D3F0DF}.Release|Any CPU.ActiveCfg = Release|Any CPU
		{F30B569F-D49A-48EB-9EA5-EB22D4D3F0DF}.Release|Any CPU.Build.0 = Release|Any CPU
	EndGlobalSection
	GlobalSection(SolutionProperties) = preSolution
		HideSolutionNode = FALSE
	EndGlobalSection
	GlobalSection(ExtensibilityGlobals) = postSolution
		SolutionGuid = {EF5DF7B7-E7BA-4A79-A54F-FAAC3B7D210A}
	EndGlobalSection
EndGlobal
